lockfileVersion: 5.3

specifiers:
  immutable: ^4.0.0
  odata: ^1.3.1
  ramda: ^0.27.1
  recoil: ^0.5.2
  tss-react: ^3.2.4
  uuid: ^8.3.2

dependencies:
  immutable: 4.0.0
  odata: 1.3.1
  ramda: 0.27.2
  recoil: 0.5.2
  tss-react: 3.4.1
  uuid: 8.3.2

packages:

  /@emotion/hash/0.8.0:
    resolution: {integrity: sha512-kBJtf7PH6aWwZ6fka3zQ0p6SBYzx4fl1LoZXE2RrnYST9Xljm7WfKJrU4g/Xr3Beg72MLrp1AWNUmuYJTL7Cow==}
    dev: false

  /@emotion/memoize/0.7.5:
    resolution: {integrity: sha512-igX9a37DR2ZPGYtV6suZ6whr8pTFtyHL3K/oLUotxpSVO2ASaprmAe2Dkq7tBo7CRY7MMDrAa9nuQP9/YG8FxQ==}
    dev: false

  /@emotion/serialize/1.0.2:
    resolution: {integrity: sha512-95MgNJ9+/ajxU7QIAruiOAdYNjxZX7G2mhgrtDWswA21VviYIRP1R5QilZ/bDY42xiKsaktP4egJb3QdYQZi1A==}
    dependencies:
      '@emotion/hash': 0.8.0
      '@emotion/memoize': 0.7.5
      '@emotion/unitless': 0.7.5
      '@emotion/utils': 1.0.0
      csstype: 3.0.10
    dev: false

  /@emotion/unitless/0.7.5:
    resolution: {integrity: sha512-OWORNpfjMsSSUBVrRBVGECkhWcULOAJz9ZW8uK9qgxD+87M7jHRcvh/A96XXNhXTLmKcoYSQtBEX7lHMO7YRwg==}
    dev: false

  /@emotion/utils/1.0.0:
    resolution: {integrity: sha512-mQC2b3XLDs6QCW+pDQDiyO/EdGZYOygE8s5N5rrzjSI4M3IejPE/JPndCBwRT9z982aqQNi6beWs1UeayrQxxA==}
    dev: false

  /cross-fetch/3.1.5:
    resolution: {integrity: sha512-lvb1SBsI0Z7GDwmuid+mU3kWVBwTVUbe7S0H52yaaAdQOXq2YktTCZdlAcNKFzE6QtRz0snpw9bNiPeOIkkQvw==}
    dependencies:
      node-fetch: 2.6.7
    transitivePeerDependencies:
      - encoding
    dev: false

  /csstype/3.0.10:
    resolution: {integrity: sha512-2u44ZG2OcNUO9HDp/Jl8C07x6pU/eTR3ncV91SiK3dhG9TWvRVsCoJw14Ckx5DgWkzGA3waZWO3d7pgqpUI/XA==}
    dev: false

  /hamt_plus/1.0.2:
    resolution: {integrity: sha1-4hwlKWjH4zsg9qGwlM2FeHomVgE=}
    dev: false

  /hasurl/1.0.0:
    resolution: {integrity: sha512-43ypUd3DbwyCT01UYpA99AEZxZ4aKtRxWGBHEIbjcOsUghd9YUON0C+JF6isNjaiwC/UF5neaUudy6JS9jZPZQ==}
    engines: {node: '>= 4'}
    dev: false

  /immutable/4.0.0:
    resolution: {integrity: sha512-zIE9hX70qew5qTUjSS7wi1iwj/l7+m54KWU247nhM3v806UdGj1yDndXj+IOYxxtW9zyLI+xqFNZjTuDaLUqFw==}
    dev: false

  /lodash.sortby/4.7.0:
    resolution: {integrity: sha1-7dFMgk4sycHgsKG0K7UhBRakJDg=}
    dev: false

  /node-fetch/2.6.7:
    resolution: {integrity: sha512-ZjMPFEfVx5j+y2yF35Kzx5sF7kDzxuDj6ziH4FFbOp87zKDZNx8yExJIb05OGF4Nlt9IHFIMBkRl41VdvcNdbQ==}
    engines: {node: 4.x || >=6.0.0}
    peerDependencies:
      encoding: ^0.1.0
    peerDependenciesMeta:
      encoding:
        optional: true
    dependencies:
      whatwg-url: 5.0.0
    dev: false

  /odata/1.3.1:
    resolution: {integrity: sha512-cLhLk4FGPmXtTgjaW79I+VlpBM2+8m3FILwRZyadw6vlJDs5RvujPV2c6iyx5otC/1+SjncqscuZfPKAqKCEmA==}
    engines: {node: '>=10.14.2'}
    dependencies:
      cross-fetch: 3.1.5
      tslib: 1.14.1
      universal-url: 2.0.0
    transitivePeerDependencies:
      - encoding
    dev: false

  /punycode/2.1.1:
    resolution: {integrity: sha512-XRsRjdf+j5ml+y/6GKHPZbrF/8p2Yga0JPtdqTIY2Xe5ohJPD9saDJJLPvp9+NSBprVvevdXZybnj2cv8OEd0A==}
    engines: {node: '>=6'}
    dev: false

  /ramda/0.27.2:
    resolution: {integrity: sha512-SbiLPU40JuJniHexQSAgad32hfwd+DRUdwF2PlVuI5RZD0/vahUco7R8vD86J/tcEKKF9vZrUVwgtmGCqlCKyA==}
    dev: false

  /recoil/0.5.2:
    resolution: {integrity: sha512-Edibzpu3dbUMLy6QRg73WL8dvMl9Xqhp+kU+f2sJtXxsaXvAlxU/GcnDE8HXPkprXrhHF2e6SZozptNvjNF5fw==}
    peerDependencies:
      react: '>=16.13.1'
      react-dom: '*'
      react-native: '*'
    peerDependenciesMeta:
      react-dom:
        optional: true
      react-native:
        optional: true
    dependencies:
      hamt_plus: 1.0.2
    dev: false

  /tr46/0.0.3:
    resolution: {integrity: sha1-gYT9NH2snNwYWZLzpmIuFLnZq2o=}
    dev: false

  /tr46/1.0.1:
    resolution: {integrity: sha1-qLE/1r/SSJUZZ0zN5VujaTtwbQk=}
    dependencies:
      punycode: 2.1.1
    dev: false

  /tslib/1.14.1:
    resolution: {integrity: sha512-Xni35NKzjgMrwevysHTCArtLDpPvye8zV/0E4EyYn43P7/7qvQwPh9BGkHewbMulVntbigmcT7rdX3BNo9wRJg==}
    dev: false

  /tss-react/3.4.1:
    resolution: {integrity: sha512-S/OA9+8wBatj5B7JoWaz3K07dVY7UjPDwong0IZwOtqLUjTgJuT4GTrs7hxurq/cvF6DzPLv9HI754Aw1p3lqA==}
    peerDependencies:
      '@emotion/react': ^11.4.1
    dependencies:
      '@emotion/serialize': 1.0.2
      '@emotion/utils': 1.0.0
    dev: false

  /universal-url/2.0.0:
    resolution: {integrity: sha512-3DLtXdm/G1LQMCnPj+Aw7uDoleQttNHp2g5FnNQKR6cP6taNWS1b/Ehjjx4PVyvejKi3TJyu8iBraKM4q3JQPg==}
    engines: {node: '>= 6'}
    dependencies:
      hasurl: 1.0.0
      whatwg-url: 7.1.0
    dev: false

  /uuid/8.3.2:
    resolution: {integrity: sha512-+NYs2QeMWy+GWFOEm9xnn6HCDp0l7QBD7ml8zLUmJ+93Q5NF0NocErnwkTkXVFNiX3/fpC6afS8Dhb/gz7R7eg==}
    hasBin: true
    dev: false

  /webidl-conversions/3.0.1:
    resolution: {integrity: sha1-JFNCdeKnvGvnvIZhHMFq4KVlSHE=}
    dev: false

  /webidl-conversions/4.0.2:
    resolution: {integrity: sha512-YQ+BmxuTgd6UXZW3+ICGfyqRyHXVlD5GtQr5+qjiNW7bF0cqrzX500HVXPBOvgXb5YnzDd+h0zqyv61KUD7+Sg==}
    dev: false

  /whatwg-url/5.0.0:
    resolution: {integrity: sha1-lmRU6HZUYuN2RNNib2dCzotwll0=}
    dependencies:
      tr46: 0.0.3
      webidl-conversions: 3.0.1
    dev: false

  /whatwg-url/7.1.0:
    resolution: {integrity: sha512-WUu7Rg1DroM7oQvGWfOiAK21n74Gg+T4elXEQYkOhtyLeWiJFoOGLXPKI/9gzIie9CtwVLm8wtw6YJdKyxSjeg==}
    dependencies:
      lodash.sortby: 4.7.0
      tr46: 1.0.1
      webidl-conversions: 4.0.2
    dev: false
